
Microsoft Visual Studio Solution File, Format Version 12.00
# Visual Studio 2015
Project("{FAE04EC0-301F-11D3-BF4B-00C04F79EFBC}") = "GameTeam.Plugins", "GameTeam.Plugins.csproj", "{DADA4112-280B-6894-A102-FCB07F88E732}"
EndProject
Project("{FAE04EC0-301F-11D3-BF4B-00C04F79EFBC}") = "GameTeam", "GameTeam.csproj", "{A5EDD9DB-A86B-12AB-A5AD-9791F68A7458}"
EndProject
Project("{FAE04EC0-301F-11D3-BF4B-00C04F79EFBC}") = "GameTeam.Editor.Plugins", "GameTeam.Editor.Plugins.csproj", "{629447BF-2890-02F1-8EE4-EF62F4985BB0}"
EndProject
Global
	GlobalSection(SolutionConfigurationPlatforms) = preSolution
		Debug|Any CPU = Debug|Any CPU
		Release|Any CPU = Release|Any CPU
	EndGlobalSection
	GlobalSection(ProjectConfigurationPlatforms) = postSolution
		{DADA4112-280B-6894-A102-FCB07F88E732}.Debug|Any CPU.ActiveCfg = Debug|Any CPU
		{DADA4112-280B-6894-A102-FCB07F88E732}.Debug|Any CPU.Build.0 = Debug|Any CPU
		{DADA4112-280B-6894-A102-FCB07F88E732}.Release|Any CPU.ActiveCfg = Release|Any CPU
		{DADA4112-280B-6894-A102-FCB07F88E732}.Release|Any CPU.Build.0 = Release|Any CPU
		{A5EDD9DB-A86B-12AB-A5AD-9791F68A7458}.Debug|Any CPU.ActiveCfg = Debug|Any CPU
		{A5EDD9DB-A86B-12AB-A5AD-9791F68A7458}.Debug|Any CPU.Build.0 = Debug|Any CPU
		{A5EDD9DB-A86B-12AB-A5AD-9791F68A7458}.Release|Any CPU.ActiveCfg = Release|Any CPU
		{A5EDD9DB-A86B-12AB-A5AD-9791F68A7458}.Release|Any CPU.Build.0 = Release|Any CPU
		{629447BF-2890-02F1-8EE4-EF62F4985BB0}.Debug|Any CPU.ActiveCfg = Debug|Any CPU
		{629447BF-2890-02F1-8EE4-EF62F4985BB0}.Debug|Any CPU.Build.0 = Debug|Any CPU
		{629447BF-2890-02F1-8EE4-EF62F4985BB0}.Release|Any CPU.ActiveCfg = Release|Any CPU
		{629447BF-2890-02F1-8EE4-EF62F4985BB0}.Release|Any CPU.Build.0 = Release|Any CPU
	EndGlobalSection
	GlobalSection(SolutionProperties) = preSolution
		HideSolutionNode = FALSE
	EndGlobalSection
EndGlobal
